
Microsoft Visual Studio Solution File, Format Version 12.00
# Visual Studio Version 17
VisualStudioVersion = 17.11.35222.181
MinimumVisualStudioVersion = 10.0.40219.1
Project("{FAE04EC0-301F-11D3-BF4B-00C04F79EFBC}") = "Solodkayalab1AlgAndStructur", "Solodkayalab1AlgAndStructur\Solodkayalab1AlgAndStructur.csproj", "{D1F79DFB-2497-4F85-89CE-88E5E1DDC014}"
EndProject
Global
	GlobalSection(SolutionConfigurationPlatforms) = preSolution
		Debug|Any CPU = Debug|Any CPU
		Release|Any CPU = Release|Any CPU
	EndGlobalSection
	GlobalSection(ProjectConfigurationPlatforms) = postSolution
		{D1F79DFB-2497-4F85-89CE-88E5E1DDC014}.Debug|Any CPU.ActiveCfg = Debug|Any CPU
		{D1F79DFB-2497-4F85-89CE-88E5E1DDC014}.Debug|Any CPU.Build.0 = Debug|Any CPU
		{D1F79DFB-2497-4F85-89CE-88E5E1DDC014}.Release|Any CPU.ActiveCfg = Release|Any CPU
		{D1F79DFB-2497-4F85-89CE-88E5E1DDC014}.Release|Any CPU.Build.0 = Release|Any CPU
	EndGlobalSection
	GlobalSection(SolutionProperties) = preSolution
		HideSolutionNode = FALSE
	EndGlobalSection
	GlobalSection(ExtensibilityGlobals) = postSolution
		SolutionGuid = {80050F22-0772-43CF-BFBB-E00DEF2DF125}
	EndGlobalSection
EndGlobal
